Microsoft Visual Studio Solution File, Format Version 12.00
# Visual Studio Version 17
VisualStudioVersion = 17.5.2.0
MinimumVisualStudioVersion = 10.0.40219.1
Project("{FAE04EC0-301F-11D3-BF4B-00C04F79EFBC}") = "Cloud2025-arb.krav", "Cloud2025-arb.krav.csproj", "{D9EE74E3-E7D0-B6D2-0ECD-AD31D3F3B95E}"
EndProject
Global
	GlobalSection(SolutionConfigurationPlatforms) = preSolution
		Debug|Any CPU = Debug|Any CPU
		Release|Any CPU = Release|Any CPU
	EndGlobalSection
	GlobalSection(ProjectConfigurationPlatforms) = postSolution
		{D9EE74E3-E7D0-B6D2-0ECD-AD31D3F3B95E}.Debug|Any CPU.ActiveCfg = Debug|Any CPU
		{D9EE74E3-E7D0-B6D2-0ECD-AD31D3F3B95E}.Debug|Any CPU.Build.0 = Debug|Any CPU
		{D9EE74E3-E7D0-B6D2-0ECD-AD31D3F3B95E}.Release|Any CPU.ActiveCfg = Release|Any CPU
		{D9EE74E3-E7D0-B6D2-0ECD-AD31D3F3B95E}.Release|Any CPU.Build.0 = Release|Any CPU
	EndGlobalSection
	GlobalSection(SolutionProperties) = preSolution
		HideSolutionNode = FALSE
	EndGlobalSection
	GlobalSection(ExtensibilityGlobals) = postSolution
		SolutionGuid = {E30334A0-2CD9-4D36-BE74-656E6B2B2096}
	EndGlobalSection
EndGlobal
